
Microsoft Visual Studio Solution File, Format Version 12.00
Project("{FAE04EC0-301F-11D3-BF4B-00C04F79EFBC}") = "GameLogBack", "GameLogBack.csproj", "{502CB971-8B51-45B1-9F5B-11EA1D041F5B}"
EndProject
Global
	GlobalSection(SolutionConfigurationPlatforms) = preSolution
		Debug|Any CPU = Debug|Any CPU
		Release|Any CPU = Release|Any CPU
	EndGlobalSection
	GlobalSection(ProjectConfigurationPlatforms) = postSolution
		{502CB971-8B51-45B1-9F5B-11EA1D041F5B}.Debug|Any CPU.ActiveCfg = Debug|Any CPU
		{502CB971-8B51-45B1-9F5B-11EA1D041F5B}.Debug|Any CPU.Build.0 = Debug|Any CPU
		{502CB971-8B51-45B1-9F5B-11EA1D041F5B}.Release|Any CPU.ActiveCfg = Release|Any CPU
		{502CB971-8B51-45B1-9F5B-11EA1D041F5B}.Release|Any CPU.Build.0 = Release|Any CPU
	EndGlobalSection
EndGlobal
